
Microsoft Visual Studio Solution File, Format Version 12.00
# Visual Studio Version 16
VisualStudioVersion = 16.0.30104.148
MinimumVisualStudioVersion = 10.0.40219.1
Project("{9A19103F-16F7-4668-BE54-9A1E7A4F7556}") = "AdvertApi", "AdvertApi\AdvertApi.csproj", "{015B43EB-268D-46C8-B0EB-093FAC248B69}"
EndProject
Project("{9A19103F-16F7-4668-BE54-9A1E7A4F7556}") = "Tests", "..\Tests\Tests\Tests.csproj", "{BE27F76F-3E35-42CB-9404-DB10A40F409B}"
EndProject
Global
	GlobalSection(SolutionConfigurationPlatforms) = preSolution
		Debug|Any CPU = Debug|Any CPU
		Release|Any CPU = Release|Any CPU
	EndGlobalSection
	GlobalSection(ProjectConfigurationPlatforms) = postSolution
		{015B43EB-268D-46C8-B0EB-093FAC248B69}.Debug|Any CPU.ActiveCfg = Debug|Any CPU
		{015B43EB-268D-46C8-B0EB-093FAC248B69}.Debug|Any CPU.Build.0 = Debug|Any CPU
		{015B43EB-268D-46C8-B0EB-093FAC248B69}.Release|Any CPU.ActiveCfg = Release|Any CPU
		{015B43EB-268D-46C8-B0EB-093FAC248B69}.Release|Any CPU.Build.0 = Release|Any CPU
		{BE27F76F-3E35-42CB-9404-DB10A40F409B}.Debug|Any CPU.ActiveCfg = Debug|Any CPU
		{BE27F76F-3E35-42CB-9404-DB10A40F409B}.Debug|Any CPU.Build.0 = Debug|Any CPU
		{BE27F76F-3E35-42CB-9404-DB10A40F409B}.Release|Any CPU.ActiveCfg = Release|Any CPU
		{BE27F76F-3E35-42CB-9404-DB10A40F409B}.Release|Any CPU.Build.0 = Release|Any CPU
	EndGlobalSection
	GlobalSection(SolutionProperties) = preSolution
		HideSolutionNode = FALSE
	EndGlobalSection
	GlobalSection(ExtensibilityGlobals) = postSolution
		SolutionGuid = {FD70F4D4-CBD8-40A5-BE67-B35E5341F9AE}
	EndGlobalSection
EndGlobal
