
Microsoft Visual Studio Solution File, Format Version 12.00
# Visual Studio Version 16
VisualStudioVersion = 16.0.29905.134
MinimumVisualStudioVersion = 10.0.40219.1
Project("{FAE04EC0-301F-11D3-BF4B-00C04F79EFBC}") = "Cw03", "Cw03\Cw03.csproj", "{07BC74A6-8E3C-49D2-8402-067CD860CBC0}"
EndProject
Global
	GlobalSection(SolutionConfigurationPlatforms) = preSolution
		Debug|Any CPU = Debug|Any CPU
		Release|Any CPU = Release|Any CPU
	EndGlobalSection
	GlobalSection(ProjectConfigurationPlatforms) = postSolution
		{07BC74A6-8E3C-49D2-8402-067CD860CBC0}.Debug|Any CPU.ActiveCfg = Debug|Any CPU
		{07BC74A6-8E3C-49D2-8402-067CD860CBC0}.Debug|Any CPU.Build.0 = Debug|Any CPU
		{07BC74A6-8E3C-49D2-8402-067CD860CBC0}.Release|Any CPU.ActiveCfg = Release|Any CPU
		{07BC74A6-8E3C-49D2-8402-067CD860CBC0}.Release|Any CPU.Build.0 = Release|Any CPU
	EndGlobalSection
	GlobalSection(SolutionProperties) = preSolution
		HideSolutionNode = FALSE
	EndGlobalSection
	GlobalSection(ExtensibilityGlobals) = postSolution
		SolutionGuid = {85653621-875C-4B4B-A0FD-7B079B89C9AD}
	EndGlobalSection
EndGlobal
