
Microsoft Visual Studio Solution File, Format Version 12.00
# Visual Studio Version 16
VisualStudioVersion = 16.0.30128.74
MinimumVisualStudioVersion = 10.0.40219.1
Project("{FAE04EC0-301F-11D3-BF4B-00C04F79EFBC}") = "Tests", "Tests\Tests.csproj", "{B52AA7FB-575F-4473-B2A1-B467DE169A84}"
EndProject
Global
	GlobalSection(SolutionConfigurationPlatforms) = preSolution
		Debug|Any CPU = Debug|Any CPU
		Release|Any CPU = Release|Any CPU
	EndGlobalSection
	GlobalSection(ProjectConfigurationPlatforms) = postSolution
		{B52AA7FB-575F-4473-B2A1-B467DE169A84}.Debug|Any CPU.ActiveCfg = Debug|Any CPU
		{B52AA7FB-575F-4473-B2A1-B467DE169A84}.Debug|Any CPU.Build.0 = Debug|Any CPU
		{B52AA7FB-575F-4473-B2A1-B467DE169A84}.Release|Any CPU.ActiveCfg = Release|Any CPU
		{B52AA7FB-575F-4473-B2A1-B467DE169A84}.Release|Any CPU.Build.0 = Release|Any CPU
	EndGlobalSection
	GlobalSection(SolutionProperties) = preSolution
		HideSolutionNode = FALSE
	EndGlobalSection
	GlobalSection(ExtensibilityGlobals) = postSolution
		SolutionGuid = {6194588E-20BB-4268-ACD1-EF88AD300C01}
	EndGlobalSection
EndGlobal
