
Microsoft Visual Studio Solution File, Format Version 12.00
# Visual Studio Version 16
VisualStudioVersion = 16.0.30011.22
MinimumVisualStudioVersion = 10.0.40219.1
Project("{FAE04EC0-301F-11D3-BF4B-00C04F79EFBC}") = "petsHospital", "petsHospital\petsHospital.csproj", "{6CDE148B-CF44-4471-A543-6D54BA151986}"
EndProject
Global
	GlobalSection(SolutionConfigurationPlatforms) = preSolution
		Debug|Any CPU = Debug|Any CPU
		Release|Any CPU = Release|Any CPU
	EndGlobalSection
	GlobalSection(ProjectConfigurationPlatforms) = postSolution
		{6CDE148B-CF44-4471-A543-6D54BA151986}.Debug|Any CPU.ActiveCfg = Debug|Any CPU
		{6CDE148B-CF44-4471-A543-6D54BA151986}.Debug|Any CPU.Build.0 = Debug|Any CPU
		{6CDE148B-CF44-4471-A543-6D54BA151986}.Release|Any CPU.ActiveCfg = Release|Any CPU
		{6CDE148B-CF44-4471-A543-6D54BA151986}.Release|Any CPU.Build.0 = Release|Any CPU
	EndGlobalSection
	GlobalSection(SolutionProperties) = preSolution
		HideSolutionNode = FALSE
	EndGlobalSection
	GlobalSection(ExtensibilityGlobals) = postSolution
		SolutionGuid = {F7A0FA06-3210-41C1-9FF5-D2B02B6FF56B}
	EndGlobalSection
EndGlobal
